
Microsoft Visual Studio Solution File, Format Version 12.00
# Visual Studio Version 17
VisualStudioVersion = 17.1.32414.318
MinimumVisualStudioVersion = 10.0.40219.1
Project("{FAE04EC0-301F-11D3-BF4B-00C04F79EFBC}") = "ProyectoSorting", "ProyectoSorting\ProyectoSorting.csproj", "{14F3C561-1319-49C1-97EA-5B8EB03187F9}"
EndProject
Global
	GlobalSection(SolutionConfigurationPlatforms) = preSolution
		Debug|Any CPU = Debug|Any CPU
		Release|Any CPU = Release|Any CPU
	EndGlobalSection
	GlobalSection(ProjectConfigurationPlatforms) = postSolution
		{14F3C561-1319-49C1-97EA-5B8EB03187F9}.Debug|Any CPU.ActiveCfg = Debug|Any CPU
		{14F3C561-1319-49C1-97EA-5B8EB03187F9}.Debug|Any CPU.Build.0 = Debug|Any CPU
		{14F3C561-1319-49C1-97EA-5B8EB03187F9}.Release|Any CPU.ActiveCfg = Release|Any CPU
		{14F3C561-1319-49C1-97EA-5B8EB03187F9}.Release|Any CPU.Build.0 = Release|Any CPU
	EndGlobalSection
	GlobalSection(SolutionProperties) = preSolution
		HideSolutionNode = FALSE
	EndGlobalSection
	GlobalSection(ExtensibilityGlobals) = postSolution
		SolutionGuid = {52D64EB4-3CA1-419E-93E3-29FA613E3136}
	EndGlobalSection
EndGlobal
